// !$*UTF8*$!
{
	archiveVersion = 1;
	classes = {
	};
	objectVersion = 51;
	objects = {

/* Begin PBXBuildFile section */
		46B0D0D480631B0FEB7485DA /* Pods_VendasTests.framework in Frameworks */ = {isa = PBXBuildFile; fileRef = 69AA472DB6A960C84F168055 /* Pods_VendasTests.framework */; };
		4859E251204567EC2B244C16 /* Pods_VendasUITests.framework in Frameworks */ = {isa = PBXBuildFile; fileRef = A84AF0C8550326E704B2ECE5 /* Pods_VendasUITests.framework */; };
		4B1BE6E522D77E440043F5E0 /* OfflineViewController.swift in Sources */ = {isa = PBXBuildFile; fileRef = 4B1BE6E422D77E440043F5E0 /* OfflineViewController.swift */; };
		4B1BE6E722D77F830043F5E0 /* offline.json in Resources */ = {isa = PBXBuildFile; fileRef = 4B1BE6E622D77F830043F5E0 /* offline.json */; };
		4B1BE6E922D784760043F5E0 /* DataService.swift in Sources */ = {isa = PBXBuildFile; fileRef = 4B1BE6E822D784760043F5E0 /* DataService.swift */; };
		4B1BE6EB22D78D340043F5E0 /* Enums.swift in Sources */ = {isa = PBXBuildFile; fileRef = 4B1BE6EA22D78D340043F5E0 /* Enums.swift */; };
		4B5DB53022CA80D80062E64D /* AppDelegate.swift in Sources */ = {isa = PBXBuildFile; fileRef = 4B5DB52F22CA80D80062E64D /* AppDelegate.swift */; };
		4B5DB53222CA80D80062E64D /* LoadingScreenViewController.swift in Sources */ = {isa = PBXBuildFile; fileRef = 4B5DB53122CA80D80062E64D /* LoadingScreenViewController.swift */; };
		4B5DB53722CA80E10062E64D /* Assets.xcassets in Resources */ = {isa = PBXBuildFile; fileRef = 4B5DB53622CA80E10062E64D /* Assets.xcassets */; };
		4B5DB53A22CA80E10062E64D /* LaunchScreen.storyboard in Resources */ = {isa = PBXBuildFile; fileRef = 4B5DB53822CA80E10062E64D /* LaunchScreen.storyboard */; };
		4B5DB54522CA80E10062E64D /* VendasTests.swift in Sources */ = {isa = PBXBuildFile; fileRef = 4B5DB54422CA80E10062E64D /* VendasTests.swift */; };
		4B5DB55022CA80E10062E64D /* VendasUITests.swift in Sources */ = {isa = PBXBuildFile; fileRef = 4B5DB54F22CA80E10062E64D /* VendasUITests.swift */; };
		4B69B41422D8C98800F367C7 /* NewClient.swift in Sources */ = {isa = PBXBuildFile; fileRef = 4B69B41322D8C98800F367C7 /* NewClient.swift */; };
		4B6FA6C722CFCA6800138303 /* loading.json in Resources */ = {isa = PBXBuildFile; fileRef = 4B6FA6C622CFCA6800138303 /* loading.json */; };
		4B6FA6C922CFD00C00138303 /* LoginViewController.swift in Sources */ = {isa = PBXBuildFile; fileRef = 4B6FA6C822CFD00C00138303 /* LoginViewController.swift */; };
		4B6FA6CB22CFE89100138303 /* BackupDataDownloadViewController.swift in Sources */ = {isa = PBXBuildFile; fileRef = 4B6FA6CA22CFE89100138303 /* BackupDataDownloadViewController.swift */; };
		4B7B02D622D3B8FB00408443 /* User.swift in Sources */ = {isa = PBXBuildFile; fileRef = 4B7B02D522D3B8FB00408443 /* User.swift */; };
		4B7B02D822D3B9F700408443 /* NewOrderViewController.swift in Sources */ = {isa = PBXBuildFile; fileRef = 4B7B02D722D3B9F700408443 /* NewOrderViewController.swift */; };
		4B7B02DB22D3BEFD00408443 /* HomeViewController.swift in Sources */ = {isa = PBXBuildFile; fileRef = 4B7B02DA22D3BEFD00408443 /* HomeViewController.swift */; };
		4B7B02DD22D3BFC700408443 /* NewOrderSecondViewController.swift in Sources */ = {isa = PBXBuildFile; fileRef = 4B7B02DC22D3BFC700408443 /* NewOrderSecondViewController.swift */; };
		4B7B02DF22D3C31D00408443 /* ClientSelectionViewController.swift in Sources */ = {isa = PBXBuildFile; fileRef = 4B7B02DE22D3C31D00408443 /* ClientSelectionViewController.swift */; };
		4B7B02E122D3C3A400408443 /* NewOrderThirdViewController.swift in Sources */ = {isa = PBXBuildFile; fileRef = 4B7B02E022D3C3A400408443 /* NewOrderThirdViewController.swift */; };
		4B7B02E322D3C3B700408443 /* ItemsSelectionViewController.swift in Sources */ = {isa = PBXBuildFile; fileRef = 4B7B02E222D3C3B700408443 /* ItemsSelectionViewController.swift */; };
		4B7B02E522D3C82800408443 /* NewClientViewController.swift in Sources */ = {isa = PBXBuildFile; fileRef = 4B7B02E422D3C82800408443 /* NewClientViewController.swift */; };
		4B7B02E722D3E1DE00408443 /* SyncDataViewController.swift in Sources */ = {isa = PBXBuildFile; fileRef = 4B7B02E622D3E1DE00408443 /* SyncDataViewController.swift */; };
		4B831B6222DD147F009D390D /* Client.swift in Sources */ = {isa = PBXBuildFile; fileRef = 4B831B6122DD147F009D390D /* Client.swift */; };
		4B831B6422DD184B009D390D /* NewOrder.swift in Sources */ = {isa = PBXBuildFile; fileRef = 4B831B6322DD184B009D390D /* NewOrder.swift */; };
		4B8AE69122D6605D006E1AD7 /* NetworkManager.swift in Sources */ = {isa = PBXBuildFile; fileRef = 4B8AE69022D6605D006E1AD7 /* NetworkManager.swift */; };
		4BAF9F3222FC88A600C30739 /* Produto.swift in Sources */ = {isa = PBXBuildFile; fileRef = 4BAF9F3122FC88A600C30739 /* Produto.swift */; };
		4BB72FD922CBB0D000058239 /* GoogleService-Info.plist in Resources */ = {isa = PBXBuildFile; fileRef = 4BB72FD822CBB0D000058239 /* GoogleService-Info.plist */; };
		4BB72FDD22CBCF8400058239 /* RealmService.swift in Sources */ = {isa = PBXBuildFile; fileRef = 4BB72FDC22CBCF8400058239 /* RealmService.swift */; };
		4BBA3C8522CD2B6800D4D49B /* NetworkService.swift in Sources */ = {isa = PBXBuildFile; fileRef = 4BBA3C8422CD2B6800D4D49B /* NetworkService.swift */; };
		4BBA3C8722CD323E00D4D49B /* Reachability.swift in Sources */ = {isa = PBXBuildFile; fileRef = 4BBA3C8622CD323E00D4D49B /* Reachability.swift */; };
		4BDE2C1222D520C000743508 /* AuthService.swift in Sources */ = {isa = PBXBuildFile; fileRef = 4BDE2C1122D520C000743508 /* AuthService.swift */; };
		BBD42A37264ED462D3BD779B /* Pods_Vendas.framework in Frameworks */ = {isa = PBXBuildFile; fileRef = 439AE58B54BA5855A75FB86E /* Pods_Vendas.framework */; };
/* End PBXBuildFile section */

/* Begin PBXContainerItemProxy section */
		4B5DB54122CA80E10062E64D /* PBXContainerItemProxy */ = {
			isa = PBXContainerItemProxy;
			containerPortal = 4B5DB52422CA80D80062E64D /* Project object */;
			proxyType = 1;
			remoteGlobalIDString = 4B5DB52B22CA80D80062E64D;
			remoteInfo = Vendas;
		};
		4B5DB54C22CA80E10062E64D /* PBXContainerItemProxy */ = {
			isa = PBXContainerItemProxy;
			containerPortal = 4B5DB52422CA80D80062E64D /* Project object */;
			proxyType = 1;
			remoteGlobalIDString = 4B5DB52B22CA80D80062E64D;
			remoteInfo = Vendas;
		};
/* End PBXContainerItemProxy section */

/* Begin PBXFileReference section */
		0334D0A26495695F17F8A0D7 /* Pods-VendasTests.debug.xcconfig */ = {isa = PBXFileReference; includeInIndex = 1; lastKnownFileType = text.xcconfig; name = "Pods-VendasTests.debug.xcconfig"; path = "Target Support Files/Pods-VendasTests/Pods-VendasTests.debug.xcconfig"; sourceTree = "<group>"; };
		208CA965861749B9CF199190 /* Pods-VendasUITests.debug.xcconfig */ = {isa = PBXFileReference; includeInIndex = 1; lastKnownFileType = text.xcconfig; name = "Pods-VendasUITests.debug.xcconfig"; path = "Target Support Files/Pods-VendasUITests/Pods-VendasUITests.debug.xcconfig"; sourceTree = "<group>"; };
		37EDA6204D9BC7513BC793D9 /* Pods-Vendas.debug.xcconfig */ = {isa = PBXFileReference; includeInIndex = 1; lastKnownFileType = text.xcconfig; name = "Pods-Vendas.debug.xcconfig"; path = "Target Support Files/Pods-Vendas/Pods-Vendas.debug.xcconfig"; sourceTree = "<group>"; };
		41BE7AC7848BC491B39E0A32 /* Pods-VendasTests.release.xcconfig */ = {isa = PBXFileReference; includeInIndex = 1; lastKnownFileType = text.xcconfig; name = "Pods-VendasTests.release.xcconfig"; path = "Target Support Files/Pods-VendasTests/Pods-VendasTests.release.xcconfig"; sourceTree = "<group>"; };
		439AE58B54BA5855A75FB86E /* Pods_Vendas.framework */ = {isa = PBXFileReference; explicitFileType = wrapper.framework; includeInIndex = 0; path = Pods_Vendas.framework; sourceTree = BUILT_PRODUCTS_DIR; };
		4B1BE6E422D77E440043F5E0 /* OfflineViewController.swift */ = {isa = PBXFileReference; lastKnownFileType = sourcecode.swift; path = OfflineViewController.swift; sourceTree = "<group>"; };
		4B1BE6E622D77F830043F5E0 /* offline.json */ = {isa = PBXFileReference; fileEncoding = 4; lastKnownFileType = text.json; path = offline.json; sourceTree = "<group>"; };
		4B1BE6E822D784760043F5E0 /* DataService.swift */ = {isa = PBXFileReference; lastKnownFileType = sourcecode.swift; path = DataService.swift; sourceTree = "<group>"; };
		4B1BE6EA22D78D340043F5E0 /* Enums.swift */ = {isa = PBXFileReference; lastKnownFileType = sourcecode.swift; path = Enums.swift; sourceTree = "<group>"; };
		4B5DB52C22CA80D80062E64D /* Vendas.app */ = {isa = PBXFileReference; explicitFileType = wrapper.application; includeInIndex = 0; path = Vendas.app; sourceTree = BUILT_PRODUCTS_DIR; };
		4B5DB52F22CA80D80062E64D /* AppDelegate.swift */ = {isa = PBXFileReference; lastKnownFileType = sourcecode.swift; path = AppDelegate.swift; sourceTree = "<group>"; };
		4B5DB53122CA80D80062E64D /* LoadingScreenViewController.swift */ = {isa = PBXFileReference; lastKnownFileType = sourcecode.swift; name = LoadingScreenViewController.swift; path = ../LoadingScreenViewController.swift; sourceTree = "<group>"; };
		4B5DB53622CA80E10062E64D /* Assets.xcassets */ = {isa = PBXFileReference; lastKnownFileType = folder.assetcatalog; path = Assets.xcassets; sourceTree = "<group>"; };
		4B5DB53922CA80E10062E64D /* Base */ = {isa = PBXFileReference; lastKnownFileType = file.storyboard; name = Base; path = Base.lproj/LaunchScreen.storyboard; sourceTree = "<group>"; };
		4B5DB53B22CA80E10062E64D /* Info.plist */ = {isa = PBXFileReference; lastKnownFileType = text.plist.xml; path = Info.plist; sourceTree = "<group>"; };
		4B5DB54022CA80E10062E64D /* VendasTests.xctest */ = {isa = PBXFileReference; explicitFileType = wrapper.cfbundle; includeInIndex = 0; path = VendasTests.xctest; sourceTree = BUILT_PRODUCTS_DIR; };
		4B5DB54422CA80E10062E64D /* VendasTests.swift */ = {isa = PBXFileReference; lastKnownFileType = sourcecode.swift; path = VendasTests.swift; sourceTree = "<group>"; };
		4B5DB54622CA80E10062E64D /* Info.plist */ = {isa = PBXFileReference; lastKnownFileType = text.plist.xml; path = Info.plist; sourceTree = "<group>"; };
		4B5DB54B22CA80E10062E64D /* VendasUITests.xctest */ = {isa = PBXFileReference; explicitFileType = wrapper.cfbundle; includeInIndex = 0; path = VendasUITests.xctest; sourceTree = BUILT_PRODUCTS_DIR; };
		4B5DB54F22CA80E10062E64D /* VendasUITests.swift */ = {isa = PBXFileReference; lastKnownFileType = sourcecode.swift; path = VendasUITests.swift; sourceTree = "<group>"; };
		4B5DB55122CA80E10062E64D /* Info.plist */ = {isa = PBXFileReference; lastKnownFileType = text.plist.xml; path = Info.plist; sourceTree = "<group>"; };
		4B69B41322D8C98800F367C7 /* NewClient.swift */ = {isa = PBXFileReference; lastKnownFileType = sourcecode.swift; path = NewClient.swift; sourceTree = "<group>"; };
		4B6FA6C622CFCA6800138303 /* loading.json */ = {isa = PBXFileReference; lastKnownFileType = text.json; name = loading.json; path = Vendas/loading.json; sourceTree = "<group>"; };
		4B6FA6C822CFD00C00138303 /* LoginViewController.swift */ = {isa = PBXFileReference; lastKnownFileType = sourcecode.swift; path = LoginViewController.swift; sourceTree = "<group>"; };
		4B6FA6CA22CFE89100138303 /* BackupDataDownloadViewController.swift */ = {isa = PBXFileReference; lastKnownFileType = sourcecode.swift; path = BackupDataDownloadViewController.swift; sourceTree = "<group>"; };
		4B7B02D522D3B8FB00408443 /* User.swift */ = {isa = PBXFileReference; lastKnownFileType = sourcecode.swift; path = User.swift; sourceTree = "<group>"; };
		4B7B02D722D3B9F700408443 /* NewOrderViewController.swift */ = {isa = PBXFileReference; lastKnownFileType = sourcecode.swift; path = NewOrderViewController.swift; sourceTree = "<group>"; };
		4B7B02DA22D3BEFD00408443 /* HomeViewController.swift */ = {isa = PBXFileReference; lastKnownFileType = sourcecode.swift; path = HomeViewController.swift; sourceTree = "<group>"; };
		4B7B02DC22D3BFC700408443 /* NewOrderSecondViewController.swift */ = {isa = PBXFileReference; lastKnownFileType = sourcecode.swift; path = NewOrderSecondViewController.swift; sourceTree = "<group>"; };
		4B7B02DE22D3C31D00408443 /* ClientSelectionViewController.swift */ = {isa = PBXFileReference; lastKnownFileType = sourcecode.swift; path = ClientSelectionViewController.swift; sourceTree = "<group>"; };
		4B7B02E022D3C3A400408443 /* NewOrderThirdViewController.swift */ = {isa = PBXFileReference; lastKnownFileType = sourcecode.swift; path = NewOrderThirdViewController.swift; sourceTree = "<group>"; };
		4B7B02E222D3C3B700408443 /* ItemsSelectionViewController.swift */ = {isa = PBXFileReference; lastKnownFileType = sourcecode.swift; path = ItemsSelectionViewController.swift; sourceTree = "<group>"; };
		4B7B02E422D3C82800408443 /* NewClientViewController.swift */ = {isa = PBXFileReference; lastKnownFileType = sourcecode.swift; path = NewClientViewController.swift; sourceTree = "<group>"; };
		4B7B02E622D3E1DE00408443 /* SyncDataViewController.swift */ = {isa = PBXFileReference; lastKnownFileType = sourcecode.swift; path = SyncDataViewController.swift; sourceTree = "<group>"; };
		4B831B6122DD147F009D390D /* Client.swift */ = {isa = PBXFileReference; lastKnownFileType = sourcecode.swift; path = Client.swift; sourceTree = "<group>"; };
		4B831B6322DD184B009D390D /* NewOrder.swift */ = {isa = PBXFileReference; lastKnownFileType = sourcecode.swift; path = NewOrder.swift; sourceTree = "<group>"; };
		4B8AE69022D6605D006E1AD7 /* NetworkManager.swift */ = {isa = PBXFileReference; lastKnownFileType = sourcecode.swift; path = NetworkManager.swift; sourceTree = "<group>"; };
		4BAF9F3122FC88A600C30739 /* Produto.swift */ = {isa = PBXFileReference; lastKnownFileType = sourcecode.swift; path = Produto.swift; sourceTree = "<group>"; };
		4BB72FD822CBB0D000058239 /* GoogleService-Info.plist */ = {isa = PBXFileReference; fileEncoding = 4; lastKnownFileType = text.plist.xml; path = "GoogleService-Info.plist"; sourceTree = "<group>"; };
		4BB72FDC22CBCF8400058239 /* RealmService.swift */ = {isa = PBXFileReference; lastKnownFileType = sourcecode.swift; path = RealmService.swift; sourceTree = "<group>"; };
		4BBA3C8422CD2B6800D4D49B /* NetworkService.swift */ = {isa = PBXFileReference; lastKnownFileType = sourcecode.swift; path = NetworkService.swift; sourceTree = "<group>"; };
		4BBA3C8622CD323E00D4D49B /* Reachability.swift */ = {isa = PBXFileReference; lastKnownFileType = sourcecode.swift; path = Reachability.swift; sourceTree = "<group>"; };
		4BDE2C1122D520C000743508 /* AuthService.swift */ = {isa = PBXFileReference; lastKnownFileType = sourcecode.swift; path = AuthService.swift; sourceTree = "<group>"; };
		507EF6C9D84F4BD38BD2C13B /* Pods-Vendas.release.xcconfig */ = {isa = PBXFileReference; includeInIndex = 1; lastKnownFileType = text.xcconfig; name = "Pods-Vendas.release.xcconfig"; path = "Target Support Files/Pods-Vendas/Pods-Vendas.release.xcconfig"; sourceTree = "<group>"; };
		69AA472DB6A960C84F168055 /* Pods_VendasTests.framework */ = {isa = PBXFileReference; explicitFileType = wrapper.framework; includeInIndex = 0; path = Pods_VendasTests.framework; sourceTree = BUILT_PRODUCTS_DIR; };
		A84AF0C8550326E704B2ECE5 /* Pods_VendasUITests.framework */ = {isa = PBXFileReference; explicitFileType = wrapper.framework; includeInIndex = 0; path = Pods_VendasUITests.framework; sourceTree = BUILT_PRODUCTS_DIR; };
		C10A0F06006A9D5D108EAFA8 /* Pods-VendasUITests.release.xcconfig */ = {isa = PBXFileReference; includeInIndex = 1; lastKnownFileType = text.xcconfig; name = "Pods-VendasUITests.release.xcconfig"; path = "Target Support Files/Pods-VendasUITests/Pods-VendasUITests.release.xcconfig"; sourceTree = "<group>"; };
/* End PBXFileReference section */

/* Begin PBXFrameworksBuildPhase section */
		4B5DB52922CA80D80062E64D /* Frameworks */ = {
			isa = PBXFrameworksBuildPhase;
			buildActionMask = 2147483647;
			files = (
				BBD42A37264ED462D3BD779B /* Pods_Vendas.framework in Frameworks */,
			);
			runOnlyForDeploymentPostprocessing = 0;
		};
		4B5DB53D22CA80E10062E64D /* Frameworks */ = {
			isa = PBXFrameworksBuildPhase;
			buildActionMask = 2147483647;
			files = (
				46B0D0D480631B0FEB7485DA /* Pods_VendasTests.framework in Frameworks */,
			);
			runOnlyForDeploymentPostprocessing = 0;
		};
		4B5DB54822CA80E10062E64D /* Frameworks */ = {
			isa = PBXFrameworksBuildPhase;
			buildActionMask = 2147483647;
			files = (
				4859E251204567EC2B244C16 /* Pods_VendasUITests.framework in Frameworks */,
			);
			runOnlyForDeploymentPostprocessing = 0;
		};
/* End PBXFrameworksBuildPhase section */

/* Begin PBXGroup section */
		4B5DB52322CA80D80062E64D = {
			isa = PBXGroup;
			children = (
				4B1BE6E622D77F830043F5E0 /* offline.json */,
				4B6FA6C622CFCA6800138303 /* loading.json */,
				4B5DB52E22CA80D80062E64D /* Vendas */,
				4B5DB54322CA80E10062E64D /* VendasTests */,
				4B5DB54E22CA80E10062E64D /* VendasUITests */,
				4B5DB52D22CA80D80062E64D /* Products */,
				DDECCE70CBDB9C8FD47C56D8 /* Pods */,
				835844AD1F1BFE495B05FBC4 /* Frameworks */,
			);
			sourceTree = "<group>";
		};
		4B5DB52D22CA80D80062E64D /* Products */ = {
			isa = PBXGroup;
			children = (
				4B5DB52C22CA80D80062E64D /* Vendas.app */,
				4B5DB54022CA80E10062E64D /* VendasTests.xctest */,
				4B5DB54B22CA80E10062E64D /* VendasUITests.xctest */,
			);
			name = Products;
			sourceTree = "<group>";
		};
		4B5DB52E22CA80D80062E64D /* Vendas */ = {
			isa = PBXGroup;
			children = (
				4BBA3C8922CD370400D4D49B /* ViewControllers */,
				4BB72FDB22CBCF3400058239 /* Model */,
				4BB72FDA22CBCF2800058239 /* Services */,
				4B5DB52F22CA80D80062E64D /* AppDelegate.swift */,
				4B5DB53622CA80E10062E64D /* Assets.xcassets */,
				4B5DB53822CA80E10062E64D /* LaunchScreen.storyboard */,
				4B5DB53B22CA80E10062E64D /* Info.plist */,
				4BB72FD822CBB0D000058239 /* GoogleService-Info.plist */,
			);
			path = Vendas;
			sourceTree = "<group>";
		};
		4B5DB54322CA80E10062E64D /* VendasTests */ = {
			isa = PBXGroup;
			children = (
				4B5DB54422CA80E10062E64D /* VendasTests.swift */,
				4B5DB54622CA80E10062E64D /* Info.plist */,
			);
			path = VendasTests;
			sourceTree = "<group>";
		};
		4B5DB54E22CA80E10062E64D /* VendasUITests */ = {
			isa = PBXGroup;
			children = (
				4B5DB54F22CA80E10062E64D /* VendasUITests.swift */,
				4B5DB55122CA80E10062E64D /* Info.plist */,
			);
			path = VendasUITests;
			sourceTree = "<group>";
		};
		4B7B02D922D3BA1200408443 /* NewOrderVCs */ = {
			isa = PBXGroup;
			children = (
				4B7B02DC22D3BFC700408443 /* NewOrderSecondViewController.swift */,
				4B7B02DE22D3C31D00408443 /* ClientSelectionViewController.swift */,
				4B7B02E022D3C3A400408443 /* NewOrderThirdViewController.swift */,
				4B7B02E222D3C3B700408443 /* ItemsSelectionViewController.swift */,
			);
			path = NewOrderVCs;
			sourceTree = "<group>";
		};
		4BB72FDA22CBCF2800058239 /* Services */ = {
			isa = PBXGroup;
			children = (
				4BB72FDC22CBCF8400058239 /* RealmService.swift */,
				4BBA3C8422CD2B6800D4D49B /* NetworkService.swift */,
				4BBA3C8622CD323E00D4D49B /* Reachability.swift */,
				4BDE2C1122D520C000743508 /* AuthService.swift */,
				4B8AE69022D6605D006E1AD7 /* NetworkManager.swift */,
				4B1BE6E822D784760043F5E0 /* DataService.swift */,
			);
			path = Services;
			sourceTree = "<group>";
		};
		4BB72FDB22CBCF3400058239 /* Model */ = {
			isa = PBXGroup;
			children = (
				4B7B02D522D3B8FB00408443 /* User.swift */,
				4B1BE6EA22D78D340043F5E0 /* Enums.swift */,
				4B69B41322D8C98800F367C7 /* NewClient.swift */,
				4B831B6122DD147F009D390D /* Client.swift */,
				4B831B6322DD184B009D390D /* NewOrder.swift */,
				4BAF9F3122FC88A600C30739 /* Produto.swift */,
			);
			path = Model;
			sourceTree = "<group>";
		};
		4BBA3C8922CD370400D4D49B /* ViewControllers */ = {
			isa = PBXGroup;
			children = (
				4B7B02D922D3BA1200408443 /* NewOrderVCs */,
				4B5DB53122CA80D80062E64D /* LoadingScreenViewController.swift */,
				4B6FA6C822CFD00C00138303 /* LoginViewController.swift */,
				4B6FA6CA22CFE89100138303 /* BackupDataDownloadViewController.swift */,
				4B7B02D722D3B9F700408443 /* NewOrderViewController.swift */,
				4B7B02DA22D3BEFD00408443 /* HomeViewController.swift */,
				4B7B02E422D3C82800408443 /* NewClientViewController.swift */,
				4B7B02E622D3E1DE00408443 /* SyncDataViewController.swift */,
				4B1BE6E422D77E440043F5E0 /* OfflineViewController.swift */,
			);
			path = ViewControllers;
			sourceTree = "<group>";
		};
		835844AD1F1BFE495B05FBC4 /* Frameworks */ = {
			isa = PBXGroup;
			children = (
				439AE58B54BA5855A75FB86E /* Pods_Vendas.framework */,
				69AA472DB6A960C84F168055 /* Pods_VendasTests.framework */,
				A84AF0C8550326E704B2ECE5 /* Pods_VendasUITests.framework */,
			);
			name = Frameworks;
			sourceTree = "<group>";
		};
		DDECCE70CBDB9C8FD47C56D8 /* Pods */ = {
			isa = PBXGroup;
			children = (
				37EDA6204D9BC7513BC793D9 /* Pods-Vendas.debug.xcconfig */,
				507EF6C9D84F4BD38BD2C13B /* Pods-Vendas.release.xcconfig */,
				0334D0A26495695F17F8A0D7 /* Pods-VendasTests.debug.xcconfig */,
				41BE7AC7848BC491B39E0A32 /* Pods-VendasTests.release.xcconfig */,
				208CA965861749B9CF199190 /* Pods-VendasUITests.debug.xcconfig */,
				C10A0F06006A9D5D108EAFA8 /* Pods-VendasUITests.release.xcconfig */,
			);
			path = Pods;
			sourceTree = "<group>";
		};
/* End PBXGroup section */

/* Begin PBXNativeTarget section */
		4B5DB52B22CA80D80062E64D /* Vendas */ = {
			isa = PBXNativeTarget;
			buildConfigurationList = 4B5DB55422CA80E10062E64D /* Build configuration list for PBXNativeTarget "Vendas" */;
			buildPhases = (
				52788B6259B1396037B4B00D /* [CP] Check Pods Manifest.lock */,
				4B5DB52822CA80D80062E64D /* Sources */,
				4B5DB52922CA80D80062E64D /* Frameworks */,
				4B5DB52A22CA80D80062E64D /* Resources */,
				0544564EA77D407A3264C9F5 /* [CP] Embed Pods Frameworks */,
			);
			buildRules = (
			);
			dependencies = (
			);
			name = Vendas;
			productName = Vendas;
			productReference = 4B5DB52C22CA80D80062E64D /* Vendas.app */;
			productType = "com.apple.product-type.application";
		};
		4B5DB53F22CA80E10062E64D /* VendasTests */ = {
			isa = PBXNativeTarget;
			buildConfigurationList = 4B5DB55722CA80E10062E64D /* Build configuration list for PBXNativeTarget "VendasTests" */;
			buildPhases = (
				4B4BCBFDC3752558F737B401 /* [CP] Check Pods Manifest.lock */,
				4B5DB53C22CA80E10062E64D /* Sources */,
				4B5DB53D22CA80E10062E64D /* Frameworks */,
				4B5DB53E22CA80E10062E64D /* Resources */,
			);
			buildRules = (
			);
			dependencies = (
				4B5DB54222CA80E10062E64D /* PBXTargetDependency */,
			);
			name = VendasTests;
			productName = VendasTests;
			productReference = 4B5DB54022CA80E10062E64D /* VendasTests.xctest */;
			productType = "com.apple.product-type.bundle.unit-test";
		};
		4B5DB54A22CA80E10062E64D /* VendasUITests */ = {
			isa = PBXNativeTarget;
			buildConfigurationList = 4B5DB55A22CA80E10062E64D /* Build configuration list for PBXNativeTarget "VendasUITests" */;
			buildPhases = (
				4C2FCAF1782696083C15E3E6 /* [CP] Check Pods Manifest.lock */,
				4B5DB54722CA80E10062E64D /* Sources */,
				4B5DB54822CA80E10062E64D /* Frameworks */,
				4B5DB54922CA80E10062E64D /* Resources */,
			);
			buildRules = (
			);
			dependencies = (
				4B5DB54D22CA80E10062E64D /* PBXTargetDependency */,
			);
			name = VendasUITests;
			productName = VendasUITests;
			productReference = 4B5DB54B22CA80E10062E64D /* VendasUITests.xctest */;
			productType = "com.apple.product-type.bundle.ui-testing";
		};
/* End PBXNativeTarget section */

/* Begin PBXProject section */
		4B5DB52422CA80D80062E64D /* Project object */ = {
			isa = PBXProject;
			attributes = {
				LastSwiftUpdateCheck = 1020;
				LastUpgradeCheck = 1020;
				ORGANIZATIONNAME = "Murilo Araujo";
				TargetAttributes = {
					4B5DB52B22CA80D80062E64D = {
						CreatedOnToolsVersion = 10.2.1;
					};
					4B5DB53F22CA80E10062E64D = {
						CreatedOnToolsVersion = 10.2.1;
						TestTargetID = 4B5DB52B22CA80D80062E64D;
					};
					4B5DB54A22CA80E10062E64D = {
						CreatedOnToolsVersion = 10.2.1;
						TestTargetID = 4B5DB52B22CA80D80062E64D;
					};
				};
			};
			buildConfigurationList = 4B5DB52722CA80D80062E64D /* Build configuration list for PBXProject "Vendas" */;
			compatibilityVersion = "Xcode 9.3";
			developmentRegion = en;
			hasScannedForEncodings = 0;
			knownRegions = (
				en,
				Base,
			);
			mainGroup = 4B5DB52322CA80D80062E64D;
			productRefGroup = 4B5DB52D22CA80D80062E64D /* Products */;
			projectDirPath = "";
			projectRoot = "";
			targets = (
				4B5DB52B22CA80D80062E64D /* Vendas */,
				4B5DB53F22CA80E10062E64D /* VendasTests */,
				4B5DB54A22CA80E10062E64D /* VendasUITests */,
			);
		};
/* End PBXProject section */

/* Begin PBXResourcesBuildPhase section */
		4B5DB52A22CA80D80062E64D /* Resources */ = {
			isa = PBXResourcesBuildPhase;
			buildActionMask = 2147483647;
			files = (
				4B5DB53A22CA80E10062E64D /* LaunchScreen.storyboard in Resources */,
				4BB72FD922CBB0D000058239 /* GoogleService-Info.plist in Resources */,
				4B1BE6E722D77F830043F5E0 /* offline.json in Resources */,
				4B6FA6C722CFCA6800138303 /* loading.json in Resources */,
				4B5DB53722CA80E10062E64D /* Assets.xcassets in Resources */,
			);
			runOnlyForDeploymentPostprocessing = 0;
		};
		4B5DB53E22CA80E10062E64D /* Resources */ = {
			isa = PBXResourcesBuildPhase;
			buildActionMask = 2147483647;
			files = (
			);
			runOnlyForDeploymentPostprocessing = 0;
		};
		4B5DB54922CA80E10062E64D /* Resources */ = {
			isa = PBXResourcesBuildPhase;
			buildActionMask = 2147483647;
			files = (
			);
			runOnlyForDeploymentPostprocessing = 0;
		};
/* End PBXResourcesBuildPhase section */

/* Begin PBXShellScriptBuildPhase section */
		0544564EA77D407A3264C9F5 /* [CP] Embed Pods Frameworks */ = {
			isa = PBXShellScriptBuildPhase;
			buildActionMask = 2147483647;
			files = (
			);
			inputFileListPaths = (
				"${PODS_ROOT}/Target Support Files/Pods-Vendas/Pods-Vendas-frameworks-${CONFIGURATION}-input-files.xcfilelist",
			);
			name = "[CP] Embed Pods Frameworks";
			outputFileListPaths = (
				"${PODS_ROOT}/Target Support Files/Pods-Vendas/Pods-Vendas-frameworks-${CONFIGURATION}-output-files.xcfilelist",
			);
			runOnlyForDeploymentPostprocessing = 0;
			shellPath = /bin/sh;
			shellScript = "\"${PODS_ROOT}/Target Support Files/Pods-Vendas/Pods-Vendas-frameworks.sh\"\n";
			showEnvVarsInLog = 0;
		};
		4B4BCBFDC3752558F737B401 /* [CP] Check Pods Manifest.lock */ = {
			isa = PBXShellScriptBuildPhase;
			buildActionMask = 2147483647;
			files = (
			);
			inputFileListPaths = (
			);
			inputPaths = (
				"${PODS_PODFILE_DIR_PATH}/Podfile.lock",
				"${PODS_ROOT}/Manifest.lock",
			);
			name = "[CP] Check Pods Manifest.lock";
			outputFileListPaths = (
			);
			outputPaths = (
				"$(DERIVED_FILE_DIR)/Pods-VendasTests-checkManifestLockResult.txt",
			);
			runOnlyForDeploymentPostprocessing = 0;
			shellPath = /bin/sh;
			shellScript = "diff \"${PODS_PODFILE_DIR_PATH}/Podfile.lock\" \"${PODS_ROOT}/Manifest.lock\" > /dev/null\nif [ $? != 0 ] ; then\n    # print error to STDERR\n    echo \"error: The sandbox is not in sync with the Podfile.lock. Run 'pod install' or update your CocoaPods installation.\" >&2\n    exit 1\nfi\n# This output is used by Xcode 'outputs' to avoid re-running this script phase.\necho \"SUCCESS\" > \"${SCRIPT_OUTPUT_FILE_0}\"\n";
			showEnvVarsInLog = 0;
		};
		4C2FCAF1782696083C15E3E6 /* [CP] Check Pods Manifest.lock */ = {
			isa = PBXShellScriptBuildPhase;
			buildActionMask = 2147483647;
			files = (
			);
			inputFileListPaths = (
			);
			inputPaths = (
				"${PODS_PODFILE_DIR_PATH}/Podfile.lock",
				"${PODS_ROOT}/Manifest.lock",
			);
			name = "[CP] Check Pods Manifest.lock";
			outputFileListPaths = (
			);
			outputPaths = (
				"$(DERIVED_FILE_DIR)/Pods-VendasUITests-checkManifestLockResult.txt",
			);
			runOnlyForDeploymentPostprocessing = 0;
			shellPath = /bin/sh;
			shellScript = "diff \"${PODS_PODFILE_DIR_PATH}/Podfile.lock\" \"${PODS_ROOT}/Manifest.lock\" > /dev/null\nif [ $? != 0 ] ; then\n    # print error to STDERR\n    echo \"error: The sandbox is not in sync with the Podfile.lock. Run 'pod install' or update your CocoaPods installation.\" >&2\n    exit 1\nfi\n# This output is used by Xcode 'outputs' to avoid re-running this script phase.\necho \"SUCCESS\" > \"${SCRIPT_OUTPUT_FILE_0}\"\n";
			showEnvVarsInLog = 0;
		};
		52788B6259B1396037B4B00D /* [CP] Check Pods Manifest.lock */ = {
			isa = PBXShellScriptBuildPhase;
			buildActionMask = 2147483647;
			files = (
			);
			inputFileListPaths = (
			);
			inputPaths = (
				"${PODS_PODFILE_DIR_PATH}/Podfile.lock",
				"${PODS_ROOT}/Manifest.lock",
			);
			name = "[CP] Check Pods Manifest.lock";
			outputFileListPaths = (
			);
			outputPaths = (
				"$(DERIVED_FILE_DIR)/Pods-Vendas-checkManifestLockResult.txt",
			);
			runOnlyForDeploymentPostprocessing = 0;
			shellPath = /bin/sh;
			shellScript = "diff \"${PODS_PODFILE_DIR_PATH}/Podfile.lock\" \"${PODS_ROOT}/Manifest.lock\" > /dev/null\nif [ $? != 0 ] ; then\n    # print error to STDERR\n    echo \"error: The sandbox is not in sync with the Podfile.lock. Run 'pod install' or update your CocoaPods installation.\" >&2\n    exit 1\nfi\n# This output is used by Xcode 'outputs' to avoid re-running this script phase.\necho \"SUCCESS\" > \"${SCRIPT_OUTPUT_FILE_0}\"\n";
			showEnvVarsInLog = 0;
		};
/* End PBXShellScriptBuildPhase section */

/* Begin PBXSourcesBuildPhase section */
		4B5DB52822CA80D80062E64D /* Sources */ = {
			isa = PBXSourcesBuildPhase;
			buildActionMask = 2147483647;
			files = (
				4B8AE69122D6605D006E1AD7 /* NetworkManager.swift in Sources */,
				4B6FA6C922CFD00C00138303 /* LoginViewController.swift in Sources */,
				4B7B02E122D3C3A400408443 /* NewOrderThirdViewController.swift in Sources */,
				4BAF9F3222FC88A600C30739 /* Produto.swift in Sources */,
				4B69B41422D8C98800F367C7 /* NewClient.swift in Sources */,
				4B1BE6E522D77E440043F5E0 /* OfflineViewController.swift in Sources */,
				4B1BE6EB22D78D340043F5E0 /* Enums.swift in Sources */,
				4B5DB53222CA80D80062E64D /* LoadingScreenViewController.swift in Sources */,
				4B831B6422DD184B009D390D /* NewOrder.swift in Sources */,
				4B7B02DF22D3C31D00408443 /* ClientSelectionViewController.swift in Sources */,
				4BB72FDD22CBCF8400058239 /* RealmService.swift in Sources */,
				4BBA3C8522CD2B6800D4D49B /* NetworkService.swift in Sources */,
				4B7B02D622D3B8FB00408443 /* User.swift in Sources */,
				4B7B02DD22D3BFC700408443 /* NewOrderSecondViewController.swift in Sources */,
				4B831B6222DD147F009D390D /* Client.swift in Sources */,
				4B7B02E322D3C3B700408443 /* ItemsSelectionViewController.swift in Sources */,
				4B7B02E522D3C82800408443 /* NewClientViewController.swift in Sources */,
				4B7B02DB22D3BEFD00408443 /* HomeViewController.swift in Sources */,
				4B6FA6CB22CFE89100138303 /* BackupDataDownloadViewController.swift in Sources */,
				4B7B02D822D3B9F700408443 /* NewOrderViewController.swift in Sources */,
				4B7B02E722D3E1DE00408443 /* SyncDataViewController.swift in Sources */,
				4BDE2C1222D520C000743508 /* AuthService.swift in Sources */,
				4BBA3C8722CD323E00D4D49B /* Reachability.swift in Sources */,
				4B5DB53022CA80D80062E64D /* AppDelegate.swift in Sources */,
				4B1BE6E922D784760043F5E0 /* DataService.swift in Sources */,
			);
			runOnlyForDeploymentPostprocessing = 0;
		};
		4B5DB53C22CA80E10062E64D /* Sources */ = {
			isa = PBXSourcesBuildPhase;
			buildActionMask = 2147483647;
			files = (
				4B5DB54522CA80E10062E64D /* VendasTests.swift in Sources */,
			);
			runOnlyForDeploymentPostprocessing = 0;
		};
		4B5DB54722CA80E10062E64D /* Sources */ = {
			isa = PBXSourcesBuildPhase;
			buildActionMask = 2147483647;
			files = (
				4B5DB55022CA80E10062E64D /* VendasUITests.swift in Sources */,
			);
			runOnlyForDeploymentPostprocessing = 0;
		};
/* End PBXSourcesBuildPhase section */

/* Begin PBXTargetDependency section */
		4B5DB54222CA80E10062E64D /* PBXTargetDependency */ = {
			isa = PBXTargetDependency;
			target = 4B5DB52B22CA80D80062E64D /* Vendas */;
			targetProxy = 4B5DB54122CA80E10062E64D /* PBXContainerItemProxy */;
		};
		4B5DB54D22CA80E10062E64D /* PBXTargetDependency */ = {
			isa = PBXTargetDependency;
			target = 4B5DB52B22CA80D80062E64D /* Vendas */;
			targetProxy = 4B5DB54C22CA80E10062E64D /* PBXContainerItemProxy */;
		};
/* End PBXTargetDependency section */

/* Begin PBXVariantGroup section */
		4B5DB53822CA80E10062E64D /* LaunchScreen.storyboard */ = {
			isa = PBXVariantGroup;
			children = (
				4B5DB53922CA80E10062E64D /* Base */,
			);
			name = LaunchScreen.storyboard;
			sourceTree = "<group>";
		};
/* End PBXVariantGroup section */

/* Begin XCBuildConfiguration section */
		4B5DB55222CA80E10062E64D /* Debug */ = {
			isa = XCBuildConfiguration;
			buildSettings = {
				ALWAYS_SEARCH_USER_PATHS = NO;
				CLANG_ANALYZER_NONNULL = YES;
				CLANG_ANALYZER_NUMBER_OBJECT_CONVERSION = YES_AGGRESSIVE;
				CLANG_CXX_LANGUAGE_STANDARD = "gnu++14";
				CLANG_CXX_LIBRARY = "libc++";
				CLANG_ENABLE_MODULES = YES;
				CLANG_ENABLE_OBJC_ARC = YES;
				CLANG_ENABLE_OBJC_WEAK = YES;
				CLANG_WARN_BLOCK_CAPTURE_AUTORELEASING = YES;
				CLANG_WARN_BOOL_CONVERSION = YES;
				CLANG_WARN_COMMA = YES;
				CLANG_WARN_CONSTANT_CONVERSION = YES;
				CLANG_WARN_DEPRECATED_OBJC_IMPLEMENTATIONS = YES;
				CLANG_WARN_DIRECT_OBJC_ISA_USAGE = YES_ERROR;
				CLANG_WARN_DOCUMENTATION_COMMENTS = YES;
				CLANG_WARN_EMPTY_BODY = YES;
				CLANG_WARN_ENUM_CONVERSION = YES;
				CLANG_WARN_INFINITE_RECURSION = YES;
				CLANG_WARN_INT_CONVERSION = YES;
				CLANG_WARN_NON_LITERAL_NULL_CONVERSION = YES;
				CLANG_WARN_OBJC_IMPLICIT_RETAIN_SELF = YES;
				CLANG_WARN_OBJC_LITERAL_CONVERSION = YES;
				CLANG_WARN_OBJC_ROOT_CLASS = YES_ERROR;
				CLANG_WARN_RANGE_LOOP_ANALYSIS = YES;
				CLANG_WARN_STRICT_PROTOTYPES = YES;
				CLANG_WARN_SUSPICIOUS_MOVE = YES;
				CLANG_WARN_UNGUARDED_AVAILABILITY = YES_AGGRESSIVE;
				CLANG_WARN_UNREACHABLE_CODE = YES;
				CLANG_WARN__DUPLICATE_METHOD_MATCH = YES;
				CODE_SIGN_IDENTITY = "iPhone Developer";
				COPY_PHASE_STRIP = NO;
				DEBUG_INFORMATION_FORMAT = dwarf;
				ENABLE_STRICT_OBJC_MSGSEND = YES;
				ENABLE_TESTABILITY = YES;
				GCC_C_LANGUAGE_STANDARD = gnu11;
				GCC_DYNAMIC_NO_PIC = NO;
				GCC_NO_COMMON_BLOCKS = YES;
				GCC_OPTIMIZATION_LEVEL = 0;
				GCC_PREPROCESSOR_DEFINITIONS = (
					"DEBUG=1",
					"$(inherited)",
				);
				GCC_WARN_64_TO_32_BIT_CONVERSION = YES;
				GCC_WARN_ABOUT_RETURN_TYPE = YES_ERROR;
				GCC_WARN_UNDECLARED_SELECTOR = YES;
				GCC_WARN_UNINITIALIZED_AUTOS = YES_AGGRESSIVE;
				GCC_WARN_UNUSED_FUNCTION = YES;
				GCC_WARN_UNUSED_VARIABLE = YES;
				IPHONEOS_DEPLOYMENT_TARGET = 12.2;
				MTL_ENABLE_DEBUG_INFO = INCLUDE_SOURCE;
				MTL_FAST_MATH = YES;
				ONLY_ACTIVE_ARCH = YES;
				SDKROOT = iphoneos;
				SWIFT_ACTIVE_COMPILATION_CONDITIONS = DEBUG;
				SWIFT_OPTIMIZATION_LEVEL = "-Onone";
			};
			name = Debug;
		};
		4B5DB55322CA80E10062E64D /* Release */ = {
			isa = XCBuildConfiguration;
			buildSettings = {
				ALWAYS_SEARCH_USER_PATHS = NO;
				CLANG_ANALYZER_NONNULL = YES;
				CLANG_ANALYZER_NUMBER_OBJECT_CONVERSION = YES_AGGRESSIVE;
				CLANG_CXX_LANGUAGE_STANDARD = "gnu++14";
				CLANG_CXX_LIBRARY = "libc++";
				CLANG_ENABLE_MODULES = YES;
				CLANG_ENABLE_OBJC_ARC = YES;
				CLANG_ENABLE_OBJC_WEAK = YES;
				CLANG_WARN_BLOCK_CAPTURE_AUTORELEASING = YES;
				CLANG_WARN_BOOL_CONVERSION = YES;
				CLANG_WARN_COMMA = YES;
				CLANG_WARN_CONSTANT_CONVERSION = YES;
				CLANG_WARN_DEPRECATED_OBJC_IMPLEMENTATIONS = YES;
				CLANG_WARN_DIRECT_OBJC_ISA_USAGE = YES_ERROR;
				CLANG_WARN_DOCUMENTATION_COMMENTS = YES;
				CLANG_WARN_EMPTY_BODY = YES;
				CLANG_WARN_ENUM_CONVERSION = YES;
				CLANG_WARN_INFINITE_RECURSION = YES;
				CLANG_WARN_INT_CONVERSION = YES;
				CLANG_WARN_NON_LITERAL_NULL_CONVERSION = YES;
				CLANG_WARN_OBJC_IMPLICIT_RETAIN_SELF = YES;
				CLANG_WARN_OBJC_LITERAL_CONVERSION = YES;
				CLANG_WARN_OBJC_ROOT_CLASS = YES_ERROR;
				CLANG_WARN_RANGE_LOOP_ANALYSIS = YES;
				CLANG_WARN_STRICT_PROTOTYPES = YES;
				CLANG_WARN_SUSPICIOUS_MOVE = YES;
				CLANG_WARN_UNGUARDED_AVAILABILITY = YES_AGGRESSIVE;
				CLANG_WARN_UNREACHABLE_CODE = YES;
				CLANG_WARN__DUPLICATE_METHOD_MATCH = YES;
				CODE_SIGN_IDENTITY = "iPhone Developer";
				COPY_PHASE_STRIP = NO;
				DEBUG_INFORMATION_FORMAT = "dwarf-with-dsym";
				ENABLE_NS_ASSERTIONS = NO;
				ENABLE_STRICT_OBJC_MSGSEND = YES;
				GCC_C_LANGUAGE_STANDARD = gnu11;
				GCC_NO_COMMON_BLOCKS = YES;
				GCC_WARN_64_TO_32_BIT_CONVERSION = YES;
				GCC_WARN_ABOUT_RETURN_TYPE = YES_ERROR;
				GCC_WARN_UNDECLARED_SELECTOR = YES;
				GCC_WARN_UNINITIALIZED_AUTOS = YES_AGGRESSIVE;
				GCC_WARN_UNUSED_FUNCTION = YES;
				GCC_WARN_UNUSED_VARIABLE = YES;
				IPHONEOS_DEPLOYMENT_TARGET = 12.2;
				MTL_ENABLE_DEBUG_INFO = NO;
				MTL_FAST_MATH = YES;
				SDKROOT = iphoneos;
				SWIFT_COMPILATION_MODE = wholemodule;
				SWIFT_OPTIMIZATION_LEVEL = "-O";
				VALIDATE_PRODUCT = YES;
			};
			name = Release;
		};
		4B5DB55522CA80E10062E64D /* Debug */ = {
			isa = XCBuildConfiguration;
			baseConfigurationReference = 37EDA6204D9BC7513BC793D9 /* Pods-Vendas.debug.xcconfig */;
			buildSettings = {
				ASSETCATALOG_COMPILER_APPICON_NAME = AppIcon;
				CODE_SIGN_STYLE = Automatic;
				DEVELOPMENT_TEAM = 29346794D4;
				INFOPLIST_FILE = Vendas/Info.plist;
				LD_RUNPATH_SEARCH_PATHS = (
					"$(inherited)",
					"@executable_path/Frameworks",
				);
				PRODUCT_BUNDLE_IDENTIFIER = com.modevstudio.vendass;
				PRODUCT_NAME = "$(TARGET_NAME)";
				SWIFT_VERSION = 5.0;
				TARGETED_DEVICE_FAMILY = "1,2";
			};
			name = Debug;
		};
		4B5DB55622CA80E10062E64D /* Release */ = {
			isa = XCBuildConfiguration;
			baseConfigurationReference = 507EF6C9D84F4BD38BD2C13B /* Pods-Vendas.release.xcconfig */;
			buildSettings = {
				ASSETCATALOG_COMPILER_APPICON_NAME = AppIcon;
				CODE_SIGN_STYLE = Automatic;
				DEVELOPMENT_TEAM = 29346794D4;
				INFOPLIST_FILE = Vendas/Info.plist;
				LD_RUNPATH_SEARCH_PATHS = (
					"$(inherited)",
					"@executable_path/Frameworks",
				);
				PRODUCT_BUNDLE_IDENTIFIER = com.modevstudio.vendass;
				PRODUCT_NAME = "$(TARGET_NAME)";
				SWIFT_VERSION = 5.0;
				TARGETED_DEVICE_FAMILY = "1,2";
			};
			name = Release;
		};
		4B5DB55822CA80E10062E64D /* Debug */ = {
			isa = XCBuildConfiguration;
			baseConfigurationReference = 0334D0A26495695F17F8A0D7 /* Pods-VendasTests.debug.xcconfig */;
			buildSettings = {
				ALWAYS_EMBED_SWIFT_STANDARD_LIBRARIES = YES;
				BUNDLE_LOADER = "$(TEST_HOST)";
				CODE_SIGN_STYLE = Automatic;
				DEVELOPMENT_TEAM = 29346794D4;
				INFOPLIST_FILE = VendasTests/Info.plist;
				LD_RUNPATH_SEARCH_PATHS = (
					"$(inherited)",
					"@executable_path/Frameworks",
					"@loader_path/Frameworks",
				);
				PRODUCT_BUNDLE_IDENTIFIER = com.modevstudio.VendasTests;
				PRODUCT_NAME = "$(TARGET_NAME)";
				SWIFT_VERSION = 5.0;
				TARGETED_DEVICE_FAMILY = "1,2";
				TEST_HOST = "$(BUILT_PRODUCTS_DIR)/Vendas.app/Vendas";
			};
			name = Debug;
		};
		4B5DB55922CA80E10062E64D /* Release */ = {
			isa = XCBuildConfiguration;
			baseConfigurationReference = 41BE7AC7848BC491B39E0A32 /* Pods-VendasTests.release.xcconfig */;
			buildSettings = {
				ALWAYS_EMBED_SWIFT_STANDARD_LIBRARIES = YES;
				BUNDLE_LOADER = "$(TEST_HOST)";
				CODE_SIGN_STYLE = Automatic;
				DEVELOPMENT_TEAM = 29346794D4;
				INFOPLIST_FILE = VendasTests/Info.plist;
				LD_RUNPATH_SEARCH_PATHS = (
					"$(inherited)",
					"@executable_path/Frameworks",
					"@loader_path/Frameworks",
				);
				PRODUCT_BUNDLE_IDENTIFIER = com.modevstudio.VendasTests;
				PRODUCT_NAME = "$(TARGET_NAME)";
				SWIFT_VERSION = 5.0;
				TARGETED_DEVICE_FAMILY = "1,2";
				TEST_HOST = "$(BUILT_PRODUCTS_DIR)/Vendas.app/Vendas";
			};
			name = Release;
		};
		4B5DB55B22CA80E10062E64D /* Debug */ = {
			isa = XCBuildConfiguration;
			baseConfigurationReference = 208CA965861749B9CF199190 /* Pods-VendasUITests.debug.xcconfig */;
			buildSettings = {
				ALWAYS_EMBED_SWIFT_STANDARD_LIBRARIES = YES;
				CODE_SIGN_STYLE = Automatic;
				DEVELOPMENT_TEAM = 29346794D4;
				INFOPLIST_FILE = VendasUITests/Info.plist;
				LD_RUNPATH_SEARCH_PATHS = (
					"$(inherited)",
					"@executable_path/Frameworks",
					"@loader_path/Frameworks",
				);
				PRODUCT_BUNDLE_IDENTIFIER = com.modevstudio.VendasUITests;
				PRODUCT_NAME = "$(TARGET_NAME)";
				SWIFT_VERSION = 5.0;
				TARGETED_DEVICE_FAMILY = "1,2";
				TEST_TARGET_NAME = Vendas;
			};
			name = Debug;
		};
		4B5DB55C22CA80E10062E64D /* Release */ = {
			isa = XCBuildConfiguration;
			baseConfigurationReference = C10A0F06006A9D5D108EAFA8 /* Pods-VendasUITests.release.xcconfig */;
			buildSettings = {
				ALWAYS_EMBED_SWIFT_STANDARD_LIBRARIES = YES;
				CODE_SIGN_STYLE = Automatic;
				DEVELOPMENT_TEAM = 29346794D4;
				INFOPLIST_FILE = VendasUITests/Info.plist;
				LD_RUNPATH_SEARCH_PATHS = (
					"$(inherited)",
					"@executable_path/Frameworks",
					"@loader_path/Frameworks",
				);
				PRODUCT_BUNDLE_IDENTIFIER = com.modevstudio.VendasUITests;
				PRODUCT_NAME = "$(TARGET_NAME)";
				SWIFT_VERSION = 5.0;
				TARGETED_DEVICE_FAMILY = "1,2";
				TEST_TARGET_NAME = Vendas;
			};
			name = Release;
		};
/* End XCBuildConfiguration section */

/* Begin XCConfigurationList section */
		4B5DB52722CA80D80062E64D /* Build configuration list for PBXProject "Vendas" */ = {
			isa = XCConfigurationList;
			buildConfigurations = (
				4B5DB55222CA80E10062E64D /* Debug */,
				4B5DB55322CA80E10062E64D /* Release */,
			);
			defaultConfigurationIsVisible = 0;
			defaultConfigurationName = Release;
		};
		4B5DB55422CA80E10062E64D /* Build configuration list for PBXNativeTarget "Vendas" */ = {
			isa = XCConfigurationList;
			buildConfigurations = (
				4B5DB55522CA80E10062E64D /* Debug */,
				4B5DB55622CA80E10062E64D /* Release */,
			);
			defaultConfigurationIsVisible = 0;
			defaultConfigurationName = Release;
		};
		4B5DB55722CA80E10062E64D /* Build configuration list for PBXNativeTarget "VendasTests" */ = {
			isa = XCConfigurationList;
			buildConfigurations = (
				4B5DB55822CA80E10062E64D /* Debug */,
				4B5DB55922CA80E10062E64D /* Release */,
			);
			defaultConfigurationIsVisible = 0;
			defaultConfigurationName = Release;
		};
		4B5DB55A22CA80E10062E64D /* Build configuration list for PBXNativeTarget "VendasUITests" */ = {
			isa = XCConfigurationList;
			buildConfigurations = (
				4B5DB55B22CA80E10062E64D /* Debug */,
				4B5DB55C22CA80E10062E64D /* Release */,
			);
			defaultConfigurationIsVisible = 0;
			defaultConfigurationName = Release;
		};
/* End XCConfigurationList section */
	};
	rootObject = 4B5DB52422CA80D80062E64D /* Project object */;
}
